
Microsoft Visual Studio Solution File, Format Version 11.00
# Visual Studio 2010
Project("{FAE04EC0-301F-11D3-BF4B-00C04F79EFBC}") = "Assembly-CSharp", "Assembly-CSharp.csproj", "{d0c1ded0-ba93-0445-2d24-781a0f923b70}"
EndProject
Project("{FAE04EC0-301F-11D3-BF4B-00C04F79EFBC}") = "Boxophobic.Utils.Scripts", "Boxophobic.Utils.Scripts.csproj", "{231ada60-2a38-c51a-dc02-c27911e99978}"
EndProject
Project("{FAE04EC0-301F-11D3-BF4B-00C04F79EFBC}") = "NavMeshComponents", "NavMeshComponents.csproj", "{99bbc07b-1dc0-cce6-50ce-88f8892fdca9}"
EndProject
Project("{FAE04EC0-301F-11D3-BF4B-00C04F79EFBC}") = "Boxophobic.Utils.Editor", "Boxophobic.Utils.Editor.csproj", "{30249163-5de2-30df-a6a7-5bbaf554a3a5}"
EndProject
Project("{FAE04EC0-301F-11D3-BF4B-00C04F79EFBC}") = "NavMeshComponentsEditor", "NavMeshComponentsEditor.csproj", "{82e36dd6-e9fb-84a3-6f99-5fae8e1dd950}"
EndProject
Project("{FAE04EC0-301F-11D3-BF4B-00C04F79EFBC}") = "Boxophobic.SkyboxCubemapExtended.Editor", "Boxophobic.SkyboxCubemapExtended.Editor.csproj", "{b74aef7f-dff5-1cf6-c2e4-bd82cf04906f}"
EndProject
Global
	GlobalSection(SolutionConfigurationPlatforms) = preSolution
		Debug|Any CPU = Debug|Any CPU
	EndGlobalSection
	GlobalSection(ProjectConfigurationPlatforms) = postSolution
		{d0c1ded0-ba93-0445-2d24-781a0f923b70}.Debug|Any CPU.ActiveCfg = Debug|Any CPU
		{d0c1ded0-ba93-0445-2d24-781a0f923b70}.Debug|Any CPU.Build.0 = Debug|Any CPU
		{231ada60-2a38-c51a-dc02-c27911e99978}.Debug|Any CPU.ActiveCfg = Debug|Any CPU
		{231ada60-2a38-c51a-dc02-c27911e99978}.Debug|Any CPU.Build.0 = Debug|Any CPU
		{99bbc07b-1dc0-cce6-50ce-88f8892fdca9}.Debug|Any CPU.ActiveCfg = Debug|Any CPU
		{99bbc07b-1dc0-cce6-50ce-88f8892fdca9}.Debug|Any CPU.Build.0 = Debug|Any CPU
		{30249163-5de2-30df-a6a7-5bbaf554a3a5}.Debug|Any CPU.ActiveCfg = Debug|Any CPU
		{30249163-5de2-30df-a6a7-5bbaf554a3a5}.Debug|Any CPU.Build.0 = Debug|Any CPU
		{82e36dd6-e9fb-84a3-6f99-5fae8e1dd950}.Debug|Any CPU.ActiveCfg = Debug|Any CPU
		{82e36dd6-e9fb-84a3-6f99-5fae8e1dd950}.Debug|Any CPU.Build.0 = Debug|Any CPU
		{b74aef7f-dff5-1cf6-c2e4-bd82cf04906f}.Debug|Any CPU.ActiveCfg = Debug|Any CPU
		{b74aef7f-dff5-1cf6-c2e4-bd82cf04906f}.Debug|Any CPU.Build.0 = Debug|Any CPU
	EndGlobalSection
	GlobalSection(SolutionProperties) = preSolution
		HideSolutionNode = FALSE
	EndGlobalSection
EndGlobal
